
Microsoft Visual Studio Solution File, Format Version 12.00
# Visual Studio 15
VisualStudioVersion = 15.0.28010.2050
MinimumVisualStudioVersion = 10.0.40219.1
Project("{FAE04EC0-301F-11D3-BF4B-00C04F79EFBC}") = "Lab 6", "Lab 6\Lab 6.csproj", "{51E42560-D827-4F06-A326-D4C266EEA54A}"
EndProject
Global
	GlobalSection(SolutionConfigurationPlatforms) = preSolution
		Debug|Any CPU = Debug|Any CPU
		Release|Any CPU = Release|Any CPU
	EndGlobalSection
	GlobalSection(ProjectConfigurationPlatforms) = postSolution
		{51E42560-D827-4F06-A326-D4C266EEA54A}.Debug|Any CPU.ActiveCfg = Debug|Any CPU
		{51E42560-D827-4F06-A326-D4C266EEA54A}.Debug|Any CPU.Build.0 = Debug|Any CPU
		{51E42560-D827-4F06-A326-D4C266EEA54A}.Release|Any CPU.ActiveCfg = Release|Any CPU
		{51E42560-D827-4F06-A326-D4C266EEA54A}.Release|Any CPU.Build.0 = Release|Any CPU
	EndGlobalSection
	GlobalSection(SolutionProperties) = preSolution
		HideSolutionNode = FALSE
	EndGlobalSection
	GlobalSection(ExtensibilityGlobals) = postSolution
		SolutionGuid = {60E6A273-F44B-48F5-AEBF-77D8A9CA2BEB}
	EndGlobalSection
EndGlobal
